dependencies:
  espressif/esp_tinyusb:
    component_hash: 0fab24246e07bdf919c6489d17a590cffbffbbf6a9c44d6235641645c8b946b7
    dependencies:
    - name: idf
      require: private
      version: '>=5.0'
    - name: espressif/tinyusb
      registry_url: https://components.espressif.com
      require: public
      version: '>=0.17.0~2'
    source:
      registry_url: https://components.espressif.com/
      type: service
    targets:
    - esp32s2
    - esp32s3
    - esp32p4
    - esp32h4
    - esp32s31
    version: 2.3.0
  espressif/tinyusb:
    component_hash: 16c8d774dab1f484d3e0c0f61105624d2424bbae864efd19818baf7b451b41e7
    dependencies:
    - name: idf
      require: private
      version: '>=5.0'
    source:
      registry_url: https://components.espressif.com
      type: service
    targets:
    - esp32s2
    - esp32s3
    - esp32p4
    - esp32h4
    - esp32s31
    version: 0.21.0~2
  idf:
    source:
      type: idf
    version: 6.0.2
  lvgl/lvgl:
    component_hash: d7c1ac037ae6e85d94897f807d6e7ba0946a83e720074fc95a4f6241da9f9f53
    dependencies: []
    source:
      registry_url: https://components.espressif.com/
      type: service
    version: 8.4.0
direct_dependencies:
- espressif/esp_tinyusb
- idf
- lvgl/lvgl
manifest_hash: 6214f24b156c8f6bfc25a2e9f115bd81579381bff32213ee7b7ab505af548c76
target: esp32p4
version: 3.0.0
